
Microsoft Visual Studio Solution File, Format Version 12.00
# Visual Studio Version 17
VisualStudioVersion = 17.2.32630.192
MinimumVisualStudioVersion = 10.0.40219.1
Project("{FAE04EC0-301F-11D3-BF4B-00C04F79EFBC}") = "Exerc Depósito", "Exerc Depósito\Exerc Depósito.csproj", "{BBB2D68F-496C-403E-82D5-CA7AD49329AD}"
EndProject
Global
	GlobalSection(SolutionConfigurationPlatforms) = preSolution
		Debug|Any CPU = Debug|Any CPU
		Release|Any CPU = Release|Any CPU
	EndGlobalSection
	GlobalSection(ProjectConfigurationPlatforms) = postSolution
		{BBB2D68F-496C-403E-82D5-CA7AD49329AD}.Debug|Any CPU.ActiveCfg = Debug|Any CPU
		{BBB2D68F-496C-403E-82D5-CA7AD49329AD}.Debug|Any CPU.Build.0 = Debug|Any CPU
		{BBB2D68F-496C-403E-82D5-CA7AD49329AD}.Release|Any CPU.ActiveCfg = Release|Any CPU
		{BBB2D68F-496C-403E-82D5-CA7AD49329AD}.Release|Any CPU.Build.0 = Release|Any CPU
	EndGlobalSection
	GlobalSection(SolutionProperties) = preSolution
		HideSolutionNode = FALSE
	EndGlobalSection
	GlobalSection(ExtensibilityGlobals) = postSolution
		SolutionGuid = {708F67F4-53B8-4779-BCB6-BC38ECC8D143}
	EndGlobalSection
EndGlobal
