
Microsoft Visual Studio Solution File, Format Version 12.00
# Visual Studio Version 17
VisualStudioVersion = 17.2.32630.192
MinimumVisualStudioVersion = 10.0.40219.1
Project("{FAE04EC0-301F-11D3-BF4B-00C04F79EFBC}") = "Estoque", "Estoque\Estoque.csproj", "{81A9444B-B735-41CC-9128-708A4E894F76}"
EndProject
Global
	GlobalSection(SolutionConfigurationPlatforms) = preSolution
		Debug|Any CPU = Debug|Any CPU
		Release|Any CPU = Release|Any CPU
	EndGlobalSection
	GlobalSection(ProjectConfigurationPlatforms) = postSolution
		{81A9444B-B735-41CC-9128-708A4E894F76}.Debug|Any CPU.ActiveCfg = Debug|Any CPU
		{81A9444B-B735-41CC-9128-708A4E894F76}.Debug|Any CPU.Build.0 = Debug|Any CPU
		{81A9444B-B735-41CC-9128-708A4E894F76}.Release|Any CPU.ActiveCfg = Release|Any CPU
		{81A9444B-B735-41CC-9128-708A4E894F76}.Release|Any CPU.Build.0 = Release|Any CPU
	EndGlobalSection
	GlobalSection(SolutionProperties) = preSolution
		HideSolutionNode = FALSE
	EndGlobalSection
	GlobalSection(ExtensibilityGlobals) = postSolution
		SolutionGuid = {3217DDFB-DB23-46FF-A71F-5ECC79893E1E}
	EndGlobalSection
EndGlobal
