
Microsoft Visual Studio Solution File, Format Version 12.00
# Visual Studio Version 17
VisualStudioVersion = 17.2.32630.192
MinimumVisualStudioVersion = 10.0.40219.1
Project("{FAE04EC0-301F-11D3-BF4B-00C04F79EFBC}") = "Produto", "Produto\Produto.csproj", "{B13CA38F-133C-4478-BAD6-A4B09566E4AA}"
EndProject
Global
	GlobalSection(SolutionConfigurationPlatforms) = preSolution
		Debug|Any CPU = Debug|Any CPU
		Release|Any CPU = Release|Any CPU
	EndGlobalSection
	GlobalSection(ProjectConfigurationPlatforms) = postSolution
		{B13CA38F-133C-4478-BAD6-A4B09566E4AA}.Debug|Any CPU.ActiveCfg = Debug|Any CPU
		{B13CA38F-133C-4478-BAD6-A4B09566E4AA}.Debug|Any CPU.Build.0 = Debug|Any CPU
		{B13CA38F-133C-4478-BAD6-A4B09566E4AA}.Release|Any CPU.ActiveCfg = Release|Any CPU
		{B13CA38F-133C-4478-BAD6-A4B09566E4AA}.Release|Any CPU.Build.0 = Release|Any CPU
	EndGlobalSection
	GlobalSection(SolutionProperties) = preSolution
		HideSolutionNode = FALSE
	EndGlobalSection
	GlobalSection(ExtensibilityGlobals) = postSolution
		SolutionGuid = {270852D8-9644-4E06-AC70-D8041C241958}
	EndGlobalSection
EndGlobal
