
Microsoft Visual Studio Solution File, Format Version 12.00
# Visual Studio Version 17
VisualStudioVersion = 17.2.32630.192
MinimumVisualStudioVersion = 10.0.40219.1
Project("{FAE04EC0-301F-11D3-BF4B-00C04F79EFBC}") = "Vetor Sintaxe", "Vetor Sintaxe\Vetor Sintaxe.csproj", "{C99C98BA-04DA-49C3-B5AC-FC01EDC8027C}"
EndProject
Global
	GlobalSection(SolutionConfigurationPlatforms) = preSolution
		Debug|Any CPU = Debug|Any CPU
		Release|Any CPU = Release|Any CPU
	EndGlobalSection
	GlobalSection(ProjectConfigurationPlatforms) = postSolution
		{C99C98BA-04DA-49C3-B5AC-FC01EDC8027C}.Debug|Any CPU.ActiveCfg = Debug|Any CPU
		{C99C98BA-04DA-49C3-B5AC-FC01EDC8027C}.Debug|Any CPU.Build.0 = Debug|Any CPU
		{C99C98BA-04DA-49C3-B5AC-FC01EDC8027C}.Release|Any CPU.ActiveCfg = Release|Any CPU
		{C99C98BA-04DA-49C3-B5AC-FC01EDC8027C}.Release|Any CPU.Build.0 = Release|Any CPU
	EndGlobalSection
	GlobalSection(SolutionProperties) = preSolution
		HideSolutionNode = FALSE
	EndGlobalSection
	GlobalSection(ExtensibilityGlobals) = postSolution
		SolutionGuid = {5BB2BDEF-33D5-47D6-B9DC-EAD4D6D0E9BC}
	EndGlobalSection
EndGlobal
